// !$*UTF8*$!
{
	archiveVersion = 1;
	classes = {
	};
	objectVersion = 46;
	objects = {

/* Begin PBXBuildFile section */
		A20626DF1EC507EC002E8179 /* protect.mp3 in Resources */ = {isa = PBXBuildFile; fileRef = A20626DE1EC507EC002E8179 /* protect.mp3 */; };
		A27892D31EC4C342008D53F1 /* jump.mp3 in Resources */ = {isa = PBXBuildFile; fileRef = A27892CF1EC4C342008D53F1 /* jump.mp3 */; };
		A27892D41EC4C342008D53F1 /* item.mp3 in Resources */ = {isa = PBXBuildFile; fileRef = A27892D01EC4C342008D53F1 /* item.mp3 */; };
		A27892D51EC4C342008D53F1 /* down.mp3 in Resources */ = {isa = PBXBuildFile; fileRef = A27892D11EC4C342008D53F1 /* down.mp3 */; };
		A298E3C71EC3311300788B85 /* Util.swift in Sources */ = {isa = PBXBuildFile; fileRef = A298E3C61EC3311300788B85 /* Util.swift */; };
		A299B6AB1EBEBDC400395261 /* AppDelegate.swift in Sources */ = {isa = PBXBuildFile; fileRef = A299B6AA1EBEBDC400395261 /* AppDelegate.swift */; };
		A299B6AD1EBEBDC400395261 /* ViewController.swift in Sources */ = {isa = PBXBuildFile; fileRef = A299B6AC1EBEBDC400395261 /* ViewController.swift */; };
		A299B6B01EBEBDC400395261 /* Main.storyboard in Resources */ = {isa = PBXBuildFile; fileRef = A299B6AE1EBEBDC400395261 /* Main.storyboard */; };
		A299B6B21EBEBDC400395261 /* Assets.xcassets in Resources */ = {isa = PBXBuildFile; fileRef = A299B6B11EBEBDC400395261 /* Assets.xcassets */; };
		A299B6B51EBEBDC400395261 /* LaunchScreen.storyboard in Resources */ = {isa = PBXBuildFile; fileRef = A299B6B31EBEBDC400395261 /* LaunchScreen.storyboard */; };
		A299B6BE1EBEBE1300395261 /* SpriteKit.framework in Frameworks */ = {isa = PBXBuildFile; fileRef = A299B6BD1EBEBE1300395261 /* SpriteKit.framework */; };
		A299B6C21EBEC13000395261 /* GameScene.swift in Sources */ = {isa = PBXBuildFile; fileRef = A299B6C11EBEC13000395261 /* GameScene.swift */; };
/* End PBXBuildFile section */

/* Begin PBXFileReference section */
		A20626DE1EC507EC002E8179 /* protect.mp3 */ = {isa = PBXFileReference; lastKnownFileType = audio.mp3; path = protect.mp3; sourceTree = "<group>"; };
		A27892CF1EC4C342008D53F1 /* jump.mp3 */ = {isa = PBXFileReference; lastKnownFileType = audio.mp3; path = jump.mp3; sourceTree = "<group>"; };
		A27892D01EC4C342008D53F1 /* item.mp3 */ = {isa = PBXFileReference; lastKnownFileType = audio.mp3; path = item.mp3; sourceTree = "<group>"; };
		A27892D11EC4C342008D53F1 /* down.mp3 */ = {isa = PBXFileReference; lastKnownFileType = audio.mp3; path = down.mp3; sourceTree = "<group>"; };
		A298E3C61EC3311300788B85 /* Util.swift */ = {isa = PBXFileReference; fileEncoding = 4; lastKnownFileType = sourcecode.swift; path = Util.swift; sourceTree = "<group>"; };
		A299B6A71EBEBDC400395261 /* FlappyBird.app */ = {isa = PBXFileReference; explicitFileType = wrapper.application; includeInIndex = 0; path = FlappyBird.app; sourceTree = BUILT_PRODUCTS_DIR; };
		A299B6AA1EBEBDC400395261 /* AppDelegate.swift */ = {isa = PBXFileReference; lastKnownFileType = sourcecode.swift; path = AppDelegate.swift; sourceTree = "<group>"; };
		A299B6AC1EBEBDC400395261 /* ViewController.swift */ = {isa = PBXFileReference; lastKnownFileType = sourcecode.swift; path = ViewController.swift; sourceTree = "<group>"; };
		A299B6AF1EBEBDC400395261 /* Base */ = {isa = PBXFileReference; lastKnownFileType = file.storyboard; name = Base; path = Base.lproj/Main.storyboard; sourceTree = "<group>"; };
		A299B6B11EBEBDC400395261 /* Assets.xcassets */ = {isa = PBXFileReference; lastKnownFileType = folder.assetcatalog; path = Assets.xcassets; sourceTree = "<group>"; };
		A299B6B41EBEBDC400395261 /* Base */ = {isa = PBXFileReference; lastKnownFileType = file.storyboard; name = Base; path = Base.lproj/LaunchScreen.storyboard; sourceTree = "<group>"; };
		A299B6B61EBEBDC400395261 /* Info.plist */ = {isa = PBXFileReference; lastKnownFileType = text.plist.xml; path = Info.plist; sourceTree = "<group>"; };
		A299B6BD1EBEBE1300395261 /* SpriteKit.framework */ = {isa = PBXFileReference; lastKnownFileType = wrapper.framework; name = SpriteKit.framework; path = System/Library/Frameworks/SpriteKit.framework; sourceTree = SDKROOT; };
		A299B6C11EBEC13000395261 /* GameScene.swift */ = {isa = PBXFileReference; fileEncoding = 4; lastKnownFileType = sourcecode.swift; path = GameScene.swift; sourceTree = "<group>"; };
/* End PBXFileReference section */

/* Begin PBXFrameworksBuildPhase section */
		A299B6A41EBEBDC400395261 /* Frameworks */ = {
			isa = PBXFrameworksBuildPhase;
			buildActionMask = 2147483647;
			files = (
				A299B6BE1EBEBE1300395261 /* SpriteKit.framework in Frameworks */,
			);
			runOnlyForDeploymentPostprocessing = 0;
		};
/* End PBXFrameworksBuildPhase section */

/* Begin PBXGroup section */
		A27892C31EC4A972008D53F1 /* Sound */ = {
			isa = PBXGroup;
			children = (
				A27892CF1EC4C342008D53F1 /* jump.mp3 */,
				A27892D01EC4C342008D53F1 /* item.mp3 */,
				A27892D11EC4C342008D53F1 /* down.mp3 */,
				A20626DE1EC507EC002E8179 /* protect.mp3 */,
			);
			name = Sound;
			sourceTree = "<group>";
		};
		A299B69E1EBEBDC400395261 = {
			isa = PBXGroup;
			children = (
				A299B6A91EBEBDC400395261 /* FlappyBird */,
				A299B6A81EBEBDC400395261 /* Products */,
				A299B6BC1EBEBE1300395261 /* Frameworks */,
			);
			sourceTree = "<group>";
		};
		A299B6A81EBEBDC400395261 /* Products */ = {
			isa = PBXGroup;
			children = (
				A299B6A71EBEBDC400395261 /* FlappyBird.app */,
			);
			name = Products;
			sourceTree = "<group>";
		};
		A299B6A91EBEBDC400395261 /* FlappyBird */ = {
			isa = PBXGroup;
			children = (
				A299B6AA1EBEBDC400395261 /* AppDelegate.swift */,
				A299B6AC1EBEBDC400395261 /* ViewController.swift */,
				A299B6C11EBEC13000395261 /* GameScene.swift */,
				A298E3C61EC3311300788B85 /* Util.swift */,
				A299B6AE1EBEBDC400395261 /* Main.storyboard */,
				A299B6B11EBEBDC400395261 /* Assets.xcassets */,
				A27892C31EC4A972008D53F1 /* Sound */,
				A299B6B31EBEBDC400395261 /* LaunchScreen.storyboard */,
				A299B6B61EBEBDC400395261 /* Info.plist */,
			);
			path = FlappyBird;
			sourceTree = "<group>";
		};
		A299B6BC1EBEBE1300395261 /* Frameworks */ = {
			isa = PBXGroup;
			children = (
				A299B6BD1EBEBE1300395261 /* SpriteKit.framework */,
			);
			name = Frameworks;
			sourceTree = "<group>";
		};
/* End PBXGroup section */

/* Begin PBXNativeTarget section */
		A299B6A61EBEBDC400395261 /* FlappyBird */ = {
			isa = PBXNativeTarget;
			buildConfigurationList = A299B6B91EBEBDC400395261 /* Build configuration list for PBXNativeTarget "FlappyBird" */;
			buildPhases = (
				A299B6A31EBEBDC400395261 /* Sources */,
				A299B6A41EBEBDC400395261 /* Frameworks */,
				A299B6A51EBEBDC400395261 /* Resources */,
			);
			buildRules = (
			);
			dependencies = (
			);
			name = FlappyBird;
			productName = FlappyBird;
			productReference = A299B6A71EBEBDC400395261 /* FlappyBird.app */;
			productType = "com.apple.product-type.application";
		};
/* End PBXNativeTarget section */

/* Begin PBXProject section */
		A299B69F1EBEBDC400395261 /* Project object */ = {
			isa = PBXProject;
			attributes = {
				LastSwiftUpdateCheck = 0830;
				LastUpgradeCheck = 0830;
				ORGANIZATIONNAME = konsukeyama;
				TargetAttributes = {
					A299B6A61EBEBDC400395261 = {
						CreatedOnToolsVersion = 8.3.2;
						DevelopmentTeam = VC5HKC4D7J;
						ProvisioningStyle = Automatic;
					};
				};
			};
			buildConfigurationList = A299B6A21EBEBDC400395261 /* Build configuration list for PBXProject "FlappyBird" */;
			compatibilityVersion = "Xcode 3.2";
			developmentRegion = English;
			hasScannedForEncodings = 0;
			knownRegions = (
				en,
				Base,
			);
			mainGroup = A299B69E1EBEBDC400395261;
			productRefGroup = A299B6A81EBEBDC400395261 /* Products */;
			projectDirPath = "";
			projectRoot = "";
			targets = (
				A299B6A61EBEBDC400395261 /* FlappyBird */,
			);
		};
/* End PBXProject section */

/* Begin PBXResourcesBuildPhase section */
		A299B6A51EBEBDC400395261 /* Resources */ = {
			isa = PBXResourcesBuildPhase;
			buildActionMask = 2147483647;
			files = (
				A20626DF1EC507EC002E8179 /* protect.mp3 in Resources */,
				A299B6B51EBEBDC400395261 /* LaunchScreen.storyboard in Resources */,
				A27892D31EC4C342008D53F1 /* jump.mp3 in Resources */,
				A299B6B21EBEBDC400395261 /* Assets.xcassets in Resources */,
				A299B6B01EBEBDC400395261 /* Main.storyboard in Resources */,
				A27892D51EC4C342008D53F1 /* down.mp3 in Resources */,
				A27892D41EC4C342008D53F1 /* item.mp3 in Resources */,
			);
			runOnlyForDeploymentPostprocessing = 0;
		};
/* End PBXResourcesBuildPhase section */

/* Begin PBXSourcesBuildPhase section */
		A299B6A31EBEBDC400395261 /* Sources */ = {
			isa = PBXSourcesBuildPhase;
			buildActionMask = 2147483647;
			files = (
				A299B6AD1EBEBDC400395261 /* ViewController.swift in Sources */,
				A299B6AB1EBEBDC400395261 /* AppDelegate.swift in Sources */,
				A299B6C21EBEC13000395261 /* GameScene.swift in Sources */,
				A298E3C71EC3311300788B85 /* Util.swift in Sources */,
			);
			runOnlyForDeploymentPostprocessing = 0;
		};
/* End PBXSourcesBuildPhase section */

/* Begin PBXVariantGroup section */
		A299B6AE1EBEBDC400395261 /* Main.storyboard */ = {
			isa = PBXVariantGroup;
			children = (
				A299B6AF1EBEBDC400395261 /* Base */,
			);
			name = Main.storyboard;
			sourceTree = "<group>";
		};
		A299B6B31EBEBDC400395261 /* LaunchScreen.storyboard */ = {
			isa = PBXVariantGroup;
			children = (
				A299B6B41EBEBDC400395261 /* Base */,
			);
			name = LaunchScreen.storyboard;
			sourceTree = "<group>";
		};
/* End PBXVariantGroup section */

/* Begin XCBuildConfiguration section */
		A299B6B71EBEBDC400395261 /* Debug */ = {
			isa = XCBuildConfiguration;
			buildSettings = {
				ALWAYS_SEARCH_USER_PATHS = NO;
				CLANG_ANALYZER_NONNULL = YES;
				CLANG_ANALYZER_NUMBER_OBJECT_CONVERSION = YES_AGGRESSIVE;
				CLANG_CXX_LANGUAGE_STANDARD = "gnu++0x";
				CLANG_CXX_LIBRARY = "libc++";
				CLANG_ENABLE_MODULES = YES;
				CLANG_ENABLE_OBJC_ARC = YES;
				CLANG_WARN_BOOL_CONVERSION = YES;
				CLANG_WARN_CONSTANT_CONVERSION = YES;
				CLANG_WARN_DIRECT_OBJC_ISA_USAGE = YES_ERROR;
				CLANG_WARN_DOCUMENTATION_COMMENTS = YES;
				CLANG_WARN_EMPTY_BODY = YES;
				CLANG_WARN_ENUM_CONVERSION = YES;
				CLANG_WARN_INFINITE_RECURSION = YES;
				CLANG_WARN_INT_CONVERSION = YES;
				CLANG_WARN_OBJC_ROOT_CLASS = YES_ERROR;
				CLANG_WARN_SUSPICIOUS_MOVE = YES;
				CLANG_WARN_UNREACHABLE_CODE = YES;
				CLANG_WARN__DUPLICATE_METHOD_MATCH = YES;
				"CODE_SIGN_IDENTITY[sdk=iphoneos*]" = "iPhone Developer";
				COPY_PHASE_STRIP = NO;
				DEBUG_INFORMATION_FORMAT = dwarf;
				ENABLE_STRICT_OBJC_MSGSEND = YES;
				ENABLE_TESTABILITY = YES;
				GCC_C_LANGUAGE_STANDARD = gnu99;
				GCC_DYNAMIC_NO_PIC = NO;
				GCC_NO_COMMON_BLOCKS = YES;
				GCC_OPTIMIZATION_LEVEL = 0;
				GCC_PREPROCESSOR_DEFINITIONS = (
					"DEBUG=1",
					"$(inherited)",
				);
				GCC_WARN_64_TO_32_BIT_CONVERSION = YES;
				GCC_WARN_ABOUT_RETURN_TYPE = YES_ERROR;
				GCC_WARN_UNDECLARED_SELECTOR = YES;
				GCC_WARN_UNINITIALIZED_AUTOS = YES_AGGRESSIVE;
				GCC_WARN_UNUSED_FUNCTION = YES;
				GCC_WARN_UNUSED_VARIABLE = YES;
				IPHONEOS_DEPLOYMENT_TARGET = 10.3;
				MTL_ENABLE_DEBUG_INFO = YES;
				ONLY_ACTIVE_ARCH = YES;
				SDKROOT = iphoneos;
				SWIFT_ACTIVE_COMPILATION_CONDITIONS = DEBUG;
				SWIFT_OPTIMIZATION_LEVEL = "-Onone";
			};
			name = Debug;
		};
		A299B6B81EBEBDC400395261 /* Release */ = {
			isa = XCBuildConfiguration;
			buildSettings = {
				ALWAYS_SEARCH_USER_PATHS = NO;
				CLANG_ANALYZER_NONNULL = YES;
				CLANG_ANALYZER_NUMBER_OBJECT_CONVERSION = YES_AGGRESSIVE;
				CLANG_CXX_LANGUAGE_STANDARD = "gnu++0x";
				CLANG_CXX_LIBRARY = "libc++";
				CLANG_ENABLE_MODULES = YES;
				CLANG_ENABLE_OBJC_ARC = YES;
				CLANG_WARN_BOOL_CONVERSION = YES;
				CLANG_WARN_CONSTANT_CONVERSION = YES;
				CLANG_WARN_DIRECT_OBJC_ISA_USAGE = YES_ERROR;
				CLANG_WARN_DOCUMENTATION_COMMENTS = YES;
				CLANG_WARN_EMPTY_BODY = YES;
				CLANG_WARN_ENUM_CONVERSION = YES;
				CLANG_WARN_INFINITE_RECURSION = YES;
				CLANG_WARN_INT_CONVERSION = YES;
				CLANG_WARN_OBJC_ROOT_CLASS = YES_ERROR;
				CLANG_WARN_SUSPICIOUS_MOVE = YES;
				CLANG_WARN_UNREACHABLE_CODE = YES;
				CLANG_WARN__DUPLICATE_METHOD_MATCH = YES;
				"CODE_SIGN_IDENTITY[sdk=iphoneos*]" = "iPhone Developer";
				COPY_PHASE_STRIP = NO;
				DEBUG_INFORMATION_FORMAT = "dwarf-with-dsym";
				ENABLE_NS_ASSERTIONS = NO;
				ENABLE_STRICT_OBJC_MSGSEND = YES;
				GCC_C_LANGUAGE_STANDARD = gnu99;
				GCC_NO_COMMON_BLOCKS = YES;
				GCC_WARN_64_TO_32_BIT_CONVERSION = YES;
				GCC_WARN_ABOUT_RETURN_TYPE = YES_ERROR;
				GCC_WARN_UNDECLARED_SELECTOR = YES;
				GCC_WARN_UNINITIALIZED_AUTOS = YES_AGGRESSIVE;
				GCC_WARN_UNUSED_FUNCTION = YES;
				GCC_WARN_UNUSED_VARIABLE = YES;
				IPHONEOS_DEPLOYMENT_TARGET = 10.3;
				MTL_ENABLE_DEBUG_INFO = NO;
				SDKROOT = iphoneos;
				SWIFT_OPTIMIZATION_LEVEL = "-Owholemodule";
				VALIDATE_PRODUCT = YES;
			};
			name = Release;
		};
		A299B6BA1EBEBDC400395261 /* Debug */ = {
			isa = XCBuildConfiguration;
			buildSettings = {
				ASSETCATALOG_COMPILER_APPICON_NAME = AppIcon;
				DEVELOPMENT_TEAM = VC5HKC4D7J;
				INFOPLIST_FILE = FlappyBird/Info.plist;
				LD_RUNPATH_SEARCH_PATHS = "$(inherited) @executable_path/Frameworks";
				PRODUCT_BUNDLE_IDENTIFIER = jp.techacademy.konsukeyama.FlappyBird;
				PRODUCT_NAME = "$(TARGET_NAME)";
				SWIFT_VERSION = 3.0;
			};
			name = Debug;
		};
		A299B6BB1EBEBDC400395261 /* Release */ = {
			isa = XCBuildConfiguration;
			buildSettings = {
				ASSETCATALOG_COMPILER_APPICON_NAME = AppIcon;
				DEVELOPMENT_TEAM = VC5HKC4D7J;
				INFOPLIST_FILE = FlappyBird/Info.plist;
				LD_RUNPATH_SEARCH_PATHS = "$(inherited) @executable_path/Frameworks";
				PRODUCT_BUNDLE_IDENTIFIER = jp.techacademy.konsukeyama.FlappyBird;
				PRODUCT_NAME = "$(TARGET_NAME)";
				SWIFT_VERSION = 3.0;
			};
			name = Release;
		};
/* End XCBuildConfiguration section */

/* Begin XCConfigurationList section */
		A299B6A21EBEBDC400395261 /* Build configuration list for PBXProject "FlappyBird" */ = {
			isa = XCConfigurationList;
			buildConfigurations = (
				A299B6B71EBEBDC400395261 /* Debug */,
				A299B6B81EBEBDC400395261 /* Release */,
			);
			defaultConfigurationIsVisible = 0;
			defaultConfigurationName = Release;
		};
		A299B6B91EBEBDC400395261 /* Build configuration list for PBXNativeTarget "FlappyBird" */ = {
			isa = XCConfigurationList;
			buildConfigurations = (
				A299B6BA1EBEBDC400395261 /* Debug */,
				A299B6BB1EBEBDC400395261 /* Release */,
			);
			defaultConfigurationIsVisible = 0;
			defaultConfigurationName = Release;
		};
/* End XCConfigurationList section */
	};
	rootObject = A299B69F1EBEBDC400395261 /* Project object */;
}
